
Microsoft Visual Studio Solution File, Format Version 12.00
# Visual Studio Version 17
VisualStudioVersion = 17.6.33815.320
MinimumVisualStudioVersion = 10.0.40219.1
Project("{2150E333-8FDC-42A3-9474-1A3956D46DE8}") = "Microservices", "Microservices", "{AAB5FCBA-D02F-466F-8A30-36507593B2F9}"
EndProject
Project("{2150E333-8FDC-42A3-9474-1A3956D46DE8}") = "Domain", "Domain", "{5C02F80E-0328-4ED6-85A6-1FFCE280AAAA}"
EndProject
Project("{2150E333-8FDC-42A3-9474-1A3956D46DE8}") = "Infra_Bus", "Infra_Bus", "{4FDAF58E-164A-4AA6-9C90-EE3D6EFF280E}"
EndProject
Project("{2150E333-8FDC-42A3-9474-1A3956D46DE8}") = "Infra_IoC", "Infra_IoC", "{78A166D7-AFC7-4FD8-9F44-D21438802275}"
EndProject
Project("{2150E333-8FDC-42A3-9474-1A3956D46DE8}") = "Presentation", "Presentation", "{BF65EE6F-3B3D-48AB-9824-0F39D10A1652}"
EndProject
Project("{9A19103F-16F7-4668-BE54-9A1E7A4F7556}") = "MicroRabbit.Domain.Core", "MicroRabbit.Domain.Core\MicroRabbit.Domain.Core.csproj", "{A64FAEEF-9464-45E8-9633-7D934EB8DBFD}"
EndProject
Project("{9A19103F-16F7-4668-BE54-9A1E7A4F7556}") = "MicroRabbit.Infra.Bus", "MicroRabbit.Infra.Bus\MicroRabbit.Infra.Bus.csproj", "{FFFD1501-A392-4D69-B580-27387E497E97}"
EndProject
Project("{9A19103F-16F7-4668-BE54-9A1E7A4F7556}") = "MicroRabbit.Infra.IoC", "MicroRabbit.Infra.IoC\MicroRabbit.Infra.IoC.csproj", "{29209CD0-2440-476A-9647-EEB5506B9414}"
EndProject
Project("{2150E333-8FDC-42A3-9474-1A3956D46DE8}") = "Banking", "Banking", "{997B6F00-BDB6-4A63-967D-8CDE7824F8BE}"
EndProject
Project("{2150E333-8FDC-42A3-9474-1A3956D46DE8}") = "Api", "Api", "{B52870E9-3BC5-4AB8-9E07-6C18E288A76F}"
EndProject
Project("{2150E333-8FDC-42A3-9474-1A3956D46DE8}") = "Domain", "Domain", "{98F420D2-F512-44DC-AF46-C24C7FE8BC44}"
EndProject
Project("{2150E333-8FDC-42A3-9474-1A3956D46DE8}") = "Application", "Application", "{54430E50-8869-4B7D-B0B7-A401875685B2}"
EndProject
Project("{2150E333-8FDC-42A3-9474-1A3956D46DE8}") = "Data", "Data", "{8EA61B08-CD98-497C-AAC7-B283F72E8D50}"
EndProject
Project("{9A19103F-16F7-4668-BE54-9A1E7A4F7556}") = "CL.Indra.Integrator.Application", "MicroRabbit.Banking.Application\CL.Indra.Integrator.Application.csproj", "{D8421300-3FCD-488C-8519-B7A1EC3D8038}"
EndProject
Project("{9A19103F-16F7-4668-BE54-9A1E7A4F7556}") = "CL.Indra.Integrator.Data", "MicroRabbit.Banking.Data\CL.Indra.Integrator.Data.csproj", "{F82046C3-3F10-4167-A377-62BB188B6F40}"
EndProject
Project("{9A19103F-16F7-4668-BE54-9A1E7A4F7556}") = "CL.Indra.Integrator.Domain", "MicroRabbit.Banking.Domain\CL.Indra.Integrator.Domain.csproj", "{D38D6590-507B-4999-8CD1-19B42BAB3C5B}"
EndProject
Project("{FAE04EC0-301F-11D3-BF4B-00C04F79EFBC}") = "CL.Indra.Integrator.Api", "MicroRabbit.Banking.Api\CL.Indra.Integrator.Api.csproj", "{24DB8A26-96FA-4331-BDB3-2D6EAC5D1541}"
EndProject
Global
	GlobalSection(SolutionConfigurationPlatforms) = preSolution
		Debug|Any CPU = Debug|Any CPU
		Release|Any CPU = Release|Any CPU
	EndGlobalSection
	GlobalSection(ProjectConfigurationPlatforms) = postSolution
		{A64FAEEF-9464-45E8-9633-7D934EB8DBFD}.Debug|Any CPU.ActiveCfg = Debug|Any CPU
		{A64FAEEF-9464-45E8-9633-7D934EB8DBFD}.Debug|Any CPU.Build.0 = Debug|Any CPU
		{A64FAEEF-9464-45E8-9633-7D934EB8DBFD}.Release|Any CPU.ActiveCfg = Release|Any CPU
		{A64FAEEF-9464-45E8-9633-7D934EB8DBFD}.Release|Any CPU.Build.0 = Release|Any CPU
		{FFFD1501-A392-4D69-B580-27387E497E97}.Debug|Any CPU.ActiveCfg = Debug|Any CPU
		{FFFD1501-A392-4D69-B580-27387E497E97}.Debug|Any CPU.Build.0 = Debug|Any CPU
		{FFFD1501-A392-4D69-B580-27387E497E97}.Release|Any CPU.ActiveCfg = Release|Any CPU
		{FFFD1501-A392-4D69-B580-27387E497E97}.Release|Any CPU.Build.0 = Release|Any CPU
		{29209CD0-2440-476A-9647-EEB5506B9414}.Debug|Any CPU.ActiveCfg = Debug|Any CPU
		{29209CD0-2440-476A-9647-EEB5506B9414}.Debug|Any CPU.Build.0 = Debug|Any CPU
		{29209CD0-2440-476A-9647-EEB5506B9414}.Release|Any CPU.ActiveCfg = Release|Any CPU
		{29209CD0-2440-476A-9647-EEB5506B9414}.Release|Any CPU.Build.0 = Release|Any CPU
		{D8421300-3FCD-488C-8519-B7A1EC3D8038}.Debug|Any CPU.ActiveCfg = Debug|Any CPU
		{D8421300-3FCD-488C-8519-B7A1EC3D8038}.Debug|Any CPU.Build.0 = Debug|Any CPU
		{D8421300-3FCD-488C-8519-B7A1EC3D8038}.Release|Any CPU.ActiveCfg = Release|Any CPU
		{D8421300-3FCD-488C-8519-B7A1EC3D8038}.Release|Any CPU.Build.0 = Release|Any CPU
		{F82046C3-3F10-4167-A377-62BB188B6F40}.Debug|Any CPU.ActiveCfg = Debug|Any CPU
		{F82046C3-3F10-4167-A377-62BB188B6F40}.Debug|Any CPU.Build.0 = Debug|Any CPU
		{F82046C3-3F10-4167-A377-62BB188B6F40}.Release|Any CPU.ActiveCfg = Release|Any CPU
		{F82046C3-3F10-4167-A377-62BB188B6F40}.Release|Any CPU.Build.0 = Release|Any CPU
		{D38D6590-507B-4999-8CD1-19B42BAB3C5B}.Debug|Any CPU.ActiveCfg = Debug|Any CPU
		{D38D6590-507B-4999-8CD1-19B42BAB3C5B}.Debug|Any CPU.Build.0 = Debug|Any CPU
		{D38D6590-507B-4999-8CD1-19B42BAB3C5B}.Release|Any CPU.ActiveCfg = Release|Any CPU
		{D38D6590-507B-4999-8CD1-19B42BAB3C5B}.Release|Any CPU.Build.0 = Release|Any CPU
		{24DB8A26-96FA-4331-BDB3-2D6EAC5D1541}.Debug|Any CPU.ActiveCfg = Debug|Any CPU
		{24DB8A26-96FA-4331-BDB3-2D6EAC5D1541}.Debug|Any CPU.Build.0 = Debug|Any CPU
		{24DB8A26-96FA-4331-BDB3-2D6EAC5D1541}.Release|Any CPU.ActiveCfg = Release|Any CPU
		{24DB8A26-96FA-4331-BDB3-2D6EAC5D1541}.Release|Any CPU.Build.0 = Release|Any CPU
	EndGlobalSection
	GlobalSection(SolutionProperties) = preSolution
		HideSolutionNode = FALSE
	EndGlobalSection
	GlobalSection(NestedProjects) = preSolution
		{A64FAEEF-9464-45E8-9633-7D934EB8DBFD} = {5C02F80E-0328-4ED6-85A6-1FFCE280AAAA}
		{FFFD1501-A392-4D69-B580-27387E497E97} = {4FDAF58E-164A-4AA6-9C90-EE3D6EFF280E}
		{29209CD0-2440-476A-9647-EEB5506B9414} = {78A166D7-AFC7-4FD8-9F44-D21438802275}
		{997B6F00-BDB6-4A63-967D-8CDE7824F8BE} = {AAB5FCBA-D02F-466F-8A30-36507593B2F9}
		{B52870E9-3BC5-4AB8-9E07-6C18E288A76F} = {997B6F00-BDB6-4A63-967D-8CDE7824F8BE}
		{98F420D2-F512-44DC-AF46-C24C7FE8BC44} = {997B6F00-BDB6-4A63-967D-8CDE7824F8BE}
		{54430E50-8869-4B7D-B0B7-A401875685B2} = {997B6F00-BDB6-4A63-967D-8CDE7824F8BE}
		{8EA61B08-CD98-497C-AAC7-B283F72E8D50} = {997B6F00-BDB6-4A63-967D-8CDE7824F8BE}
		{D8421300-3FCD-488C-8519-B7A1EC3D8038} = {54430E50-8869-4B7D-B0B7-A401875685B2}
		{F82046C3-3F10-4167-A377-62BB188B6F40} = {8EA61B08-CD98-497C-AAC7-B283F72E8D50}
		{D38D6590-507B-4999-8CD1-19B42BAB3C5B} = {98F420D2-F512-44DC-AF46-C24C7FE8BC44}
		{24DB8A26-96FA-4331-BDB3-2D6EAC5D1541} = {B52870E9-3BC5-4AB8-9E07-6C18E288A76F}
	EndGlobalSection
	GlobalSection(ExtensibilityGlobals) = postSolution
		SolutionGuid = {E93DDE9A-FB46-4D78-9211-2C99C1947C78}
	EndGlobalSection
EndGlobal
